
Microsoft Visual Studio Solution File, Format Version 12.00
# Visual Studio Version 17
VisualStudioVersion = 17.1.32210.238
MinimumVisualStudioVersion = 10.0.40219.1
Project("{9A19103F-16F7-4668-BE54-9A1E7A4F7556}") = "TTSSimRESTAPI", "TTSSimRESTAPI\TTSSimRESTAPI.csproj", "{2D233AA1-E582-4CFC-8EC4-EF0955F3B936}"
EndProject
Project("{FAE04EC0-301F-11D3-BF4B-00C04F79EFBC}") = "TTSSimUnitTests", "TTSSimUnitTests\TTSSimUnitTests.csproj", "{E248F80C-2AB6-4327-A617-472EBDDF5FDA}"
EndProject
Project("{FAE04EC0-301F-11D3-BF4B-00C04F79EFBC}") = "TTSSimIntegrationTests", "TTSSimIntegrationTests\TTSSimIntegrationTests.csproj", "{CEDFC41E-C56B-4815-90D7-EE6FF33A17AA}"
EndProject
Global
	GlobalSection(SolutionConfigurationPlatforms) = preSolution
		Debug|Any CPU = Debug|Any CPU
		Release|Any CPU = Release|Any CPU
	EndGlobalSection
	GlobalSection(ProjectConfigurationPlatforms) = postSolution
		{2D233AA1-E582-4CFC-8EC4-EF0955F3B936}.Debug|Any CPU.ActiveCfg = Debug|Any CPU
		{2D233AA1-E582-4CFC-8EC4-EF0955F3B936}.Debug|Any CPU.Build.0 = Debug|Any CPU
		{2D233AA1-E582-4CFC-8EC4-EF0955F3B936}.Release|Any CPU.ActiveCfg = Release|Any CPU
		{2D233AA1-E582-4CFC-8EC4-EF0955F3B936}.Release|Any CPU.Build.0 = Release|Any CPU
		{E248F80C-2AB6-4327-A617-472EBDDF5FDA}.Debug|Any CPU.ActiveCfg = Debug|Any CPU
		{E248F80C-2AB6-4327-A617-472EBDDF5FDA}.Debug|Any CPU.Build.0 = Debug|Any CPU
		{E248F80C-2AB6-4327-A617-472EBDDF5FDA}.Release|Any CPU.ActiveCfg = Release|Any CPU
		{E248F80C-2AB6-4327-A617-472EBDDF5FDA}.Release|Any CPU.Build.0 = Release|Any CPU
		{CEDFC41E-C56B-4815-90D7-EE6FF33A17AA}.Debug|Any CPU.ActiveCfg = Debug|Any CPU
		{CEDFC41E-C56B-4815-90D7-EE6FF33A17AA}.Debug|Any CPU.Build.0 = Debug|Any CPU
		{CEDFC41E-C56B-4815-90D7-EE6FF33A17AA}.Release|Any CPU.ActiveCfg = Release|Any CPU
		{CEDFC41E-C56B-4815-90D7-EE6FF33A17AA}.Release|Any CPU.Build.0 = Release|Any CPU
	EndGlobalSection
	GlobalSection(SolutionProperties) = preSolution
		HideSolutionNode = FALSE
	EndGlobalSection
	GlobalSection(ExtensibilityGlobals) = postSolution
		SolutionGuid = {D34894E9-154C-48D7-84CE-A1F93C966354}
	EndGlobalSection
EndGlobal
